
Microsoft Visual Studio Solution File, Format Version 12.00
# Visual Studio Version 17
VisualStudioVersion = 17.0.31912.275
MinimumVisualStudioVersion = 10.0.40219.1
Project("{00D1A9C2-B5F0-4AF3-8072-F6C62B433612}") = "SQLFundamentals", "SQLFundamentals.sqlproj", "{D45D6710-1396-46F4-8C12-CF178DCD800F}"
EndProject
Global
	GlobalSection(SolutionConfigurationPlatforms) = preSolution
		Debug|Any CPU = Debug|Any CPU
		Release|Any CPU = Release|Any CPU
	EndGlobalSection
	GlobalSection(ProjectConfigurationPlatforms) = postSolution
		{D45D6710-1396-46F4-8C12-CF178DCD800F}.Debug|Any CPU.ActiveCfg = Debug|Any CPU
		{D45D6710-1396-46F4-8C12-CF178DCD800F}.Debug|Any CPU.Build.0 = Debug|Any CPU
		{D45D6710-1396-46F4-8C12-CF178DCD800F}.Debug|Any CPU.Deploy.0 = Debug|Any CPU
		{D45D6710-1396-46F4-8C12-CF178DCD800F}.Release|Any CPU.ActiveCfg = Release|Any CPU
		{D45D6710-1396-46F4-8C12-CF178DCD800F}.Release|Any CPU.Build.0 = Release|Any CPU
		{D45D6710-1396-46F4-8C12-CF178DCD800F}.Release|Any CPU.Deploy.0 = Release|Any CPU
	EndGlobalSection
	GlobalSection(SolutionProperties) = preSolution
		HideSolutionNode = FALSE
	EndGlobalSection
	GlobalSection(ExtensibilityGlobals) = postSolution
		SolutionGuid = {A8A3707C-E8A9-4D5F-80D4-45CF9C2C1998}
	EndGlobalSection
EndGlobal
